Microsoft Visual Studio Solution File, Format Version 11.00
# Visual Studio 2008

Project("{2EB5B3A3-8E50-8368-7A5D-E258B7EDBC16}") = "Sapace Shooter", "Assembly-CSharp.csproj", "{8AFC2D05-BD7D-2CBF-0A48-E92BFE4CF596}"
EndProject
Global
	GlobalSection(SolutionConfigurationPlatforms) = preSolution
		Debug|Any CPU = Debug|Any CPU
		Release|Any CPU = Release|Any CPU
	EndGlobalSection
	GlobalSection(ProjectConfigurationPlatforms) = postSolution
		{8AFC2D05-BD7D-2CBF-0A48-E92BFE4CF596}.Debug|Any CPU.ActiveCfg = Debug|Any CPU
		{8AFC2D05-BD7D-2CBF-0A48-E92BFE4CF596}.Debug|Any CPU.Build.0 = Debug|Any CPU
		{8AFC2D05-BD7D-2CBF-0A48-E92BFE4CF596}.Release|Any CPU.ActiveCfg = Release|Any CPU
		{8AFC2D05-BD7D-2CBF-0A48-E92BFE4CF596}.Release|Any CPU.Build.0 = Release|Any CPU
	EndGlobalSection
	GlobalSection(SolutionProperties) = preSolution
		HideSolutionNode = FALSE
	EndGlobalSection
	GlobalSection(MonoDevelopProperties) = preSolution
		StartupItem = Assembly-CSharp.csproj
	EndGlobalSection
EndGlobal
